
Microsoft Visual Studio Solution File, Format Version 12.00
# Visual Studio Version 17
VisualStudioVersion = 17.11.35017.193
MinimumVisualStudioVersion = 10.0.40219.1
Project("{9A19103F-16F7-4668-BE54-9A1E7A4F7556}") = "GeneticCars", "GeneticCars\GeneticCars.csproj", "{1BEDC164-79AC-4342-BAF8-F538EEADC88D}"
EndProject
Project("{9A19103F-16F7-4668-BE54-9A1E7A4F7556}") = "UnitTests", "UnitTests\UnitTests.csproj", "{3A6ED290-F9BB-4490-9328-0C8AEA83E899}"
EndProject
Project("{2150E333-8FDC-42A3-9474-1A3956D46DE8}") = "Solution Items", "Solution Items", "{FAE17DD1-A7FD-4CFD-8744-C1E6B3D5BEB2}"
	ProjectSection(SolutionItems) = preProject
		ReadMe.md = ReadMe.md
	EndProjectSection
EndProject
Global
	GlobalSection(SolutionConfigurationPlatforms) = preSolution
		Debug|Any CPU = Debug|Any CPU
		Release|Any CPU = Release|Any CPU
	EndGlobalSection
	GlobalSection(ProjectConfigurationPlatforms) = postSolution
		{1BEDC164-79AC-4342-BAF8-F538EEADC88D}.Debug|Any CPU.ActiveCfg = Debug|Any CPU
		{1BEDC164-79AC-4342-BAF8-F538EEADC88D}.Debug|Any CPU.Build.0 = Debug|Any CPU
		{1BEDC164-79AC-4342-BAF8-F538EEADC88D}.Release|Any CPU.ActiveCfg = Release|Any CPU
		{1BEDC164-79AC-4342-BAF8-F538EEADC88D}.Release|Any CPU.Build.0 = Release|Any CPU
		{3A6ED290-F9BB-4490-9328-0C8AEA83E899}.Debug|Any CPU.ActiveCfg = Debug|Any CPU
		{3A6ED290-F9BB-4490-9328-0C8AEA83E899}.Debug|Any CPU.Build.0 = Debug|Any CPU
		{3A6ED290-F9BB-4490-9328-0C8AEA83E899}.Release|Any CPU.ActiveCfg = Release|Any CPU
		{3A6ED290-F9BB-4490-9328-0C8AEA83E899}.Release|Any CPU.Build.0 = Release|Any CPU
	EndGlobalSection
	GlobalSection(SolutionProperties) = preSolution
		HideSolutionNode = FALSE
	EndGlobalSection
	GlobalSection(ExtensibilityGlobals) = postSolution
		SolutionGuid = {BD94F7DA-56D4-49DF-A5AE-5B1A2E0DC4CF}
	EndGlobalSection
EndGlobal
